// !$*UTF8*$!
{
	archiveVersion = 1;
	classes = {
	};
	objectVersion = 56;
	objects = {

/* Begin PBXBuildFile section */
		905CCDF1294ACF1F00A72740 /* AppDelegate.swift in Sources */ = {isa = PBXBuildFile; fileRef = 905CCDF0294ACF1F00A72740 /* AppDelegate.swift */; };
		905CCDF3294ACF1F00A72740 /* SceneDelegate.swift in Sources */ = {isa = PBXBuildFile; fileRef = 905CCDF2294ACF1F00A72740 /* SceneDelegate.swift */; };
		905CCDF5294ACF1F00A72740 /* ViewController.swift in Sources */ = {isa = PBXBuildFile; fileRef = 905CCDF4294ACF1F00A72740 /* ViewController.swift */; };
		905CCDF8294ACF1F00A72740 /* Main.storyboard in Resources */ = {isa = PBXBuildFile; fileRef = 905CCDF6294ACF1F00A72740 /* Main.storyboard */; };
		905CCDFA294ACF2100A72740 /* Assets.xcassets in Resources */ = {isa = PBXBuildFile; fileRef = 905CCDF9294ACF2100A72740 /* Assets.xcassets */; };
		905CCDFD294ACF2100A72740 /* LaunchScreen.storyboard in Resources */ = {isa = PBXBuildFile; fileRef = 905CCDFB294ACF2100A72740 /* LaunchScreen.storyboard */; };
		905CCE08294ACF2100A72740 /* RandomPhotoTests.swift in Sources */ = {isa = PBXBuildFile; fileRef = 905CCE07294ACF2100A72740 /* RandomPhotoTests.swift */; };
		905CCE12294ACF2100A72740 /* RandomPhotoUITests.swift in Sources */ = {isa = PBXBuildFile; fileRef = 905CCE11294ACF2100A72740 /* RandomPhotoUITests.swift */; };
		905CCE14294ACF2100A72740 /* RandomPhotoUITestsLaunchTests.swift in Sources */ = {isa = PBXBuildFile; fileRef = 905CCE13294ACF2100A72740 /* RandomPhotoUITestsLaunchTests.swift */; };
		907E84B2294FC2CE00BD1E76 /* BenzViewController.swift in Sources */ = {isa = PBXBuildFile; fileRef = 907E84B1294FC2CE00BD1E76 /* BenzViewController.swift */; };
/* End PBXBuildFile section */

/* Begin PBXContainerItemProxy section */
		905CCE04294ACF2100A72740 /* PBXContainerItemProxy */ = {
			isa = PBXContainerItemProxy;
			containerPortal = 905CCDE5294ACF1F00A72740 /* Project object */;
			proxyType = 1;
			remoteGlobalIDString = 905CCDEC294ACF1F00A72740;
			remoteInfo = RandomPhoto;
		};
		905CCE0E294ACF2100A72740 /* PBXContainerItemProxy */ = {
			isa = PBXContainerItemProxy;
			containerPortal = 905CCDE5294ACF1F00A72740 /* Project object */;
			proxyType = 1;
			remoteGlobalIDString = 905CCDEC294ACF1F00A72740;
			remoteInfo = RandomPhoto;
		};
/* End PBXContainerItemProxy section */

/* Begin PBXFileReference section */
		905CCDED294ACF1F00A72740 /* RandomPhoto.app */ = {isa = PBXFileReference; explicitFileType = wrapper.application; includeInIndex = 0; path = RandomPhoto.app; sourceTree = BUILT_PRODUCTS_DIR; };
		905CCDF0294ACF1F00A72740 /* AppDelegate.swift */ = {isa = PBXFileReference; lastKnownFileType = sourcecode.swift; path = AppDelegate.swift; sourceTree = "<group>"; };
		905CCDF2294ACF1F00A72740 /* SceneDelegate.swift */ = {isa = PBXFileReference; lastKnownFileType = sourcecode.swift; path = SceneDelegate.swift; sourceTree = "<group>"; };
		905CCDF4294ACF1F00A72740 /* ViewController.swift */ = {isa = PBXFileReference; lastKnownFileType = sourcecode.swift; path = ViewController.swift; sourceTree = "<group>"; };
		905CCDF7294ACF1F00A72740 /* Base */ = {isa = PBXFileReference; lastKnownFileType = file.storyboard; name = Base; path = Base.lproj/Main.storyboard; sourceTree = "<group>"; };
		905CCDF9294ACF2100A72740 /* Assets.xcassets */ = {isa = PBXFileReference; lastKnownFileType = folder.assetcatalog; path = Assets.xcassets; sourceTree = "<group>"; };
		905CCDFC294ACF2100A72740 /* Base */ = {isa = PBXFileReference; lastKnownFileType = file.storyboard; name = Base; path = Base.lproj/LaunchScreen.storyboard; sourceTree = "<group>"; };
		905CCDFE294ACF2100A72740 /* Info.plist */ = {isa = PBXFileReference; lastKnownFileType = text.plist.xml; path = Info.plist; sourceTree = "<group>"; };
		905CCE03294ACF2100A72740 /* RandomPhotoTests.xctest */ = {isa = PBXFileReference; explicitFileType = wrapper.cfbundle; includeInIndex = 0; path = RandomPhotoTests.xctest; sourceTree = BUILT_PRODUCTS_DIR; };
		905CCE07294ACF2100A72740 /* RandomPhotoTests.swift */ = {isa = PBXFileReference; lastKnownFileType = sourcecode.swift; path = RandomPhotoTests.swift; sourceTree = "<group>"; };
		905CCE0D294ACF2100A72740 /* RandomPhotoUITests.xctest */ = {isa = PBXFileReference; explicitFileType = wrapper.cfbundle; includeInIndex = 0; path = RandomPhotoUITests.xctest; sourceTree = BUILT_PRODUCTS_DIR; };
		905CCE11294ACF2100A72740 /* RandomPhotoUITests.swift */ = {isa = PBXFileReference; lastKnownFileType = sourcecode.swift; path = RandomPhotoUITests.swift; sourceTree = "<group>"; };
		905CCE13294ACF2100A72740 /* RandomPhotoUITestsLaunchTests.swift */ = {isa = PBXFileReference; lastKnownFileType = sourcecode.swift; path = RandomPhotoUITestsLaunchTests.swift; sourceTree = "<group>"; };
		907E84B1294FC2CE00BD1E76 /* BenzViewController.swift */ = {isa = PBXFileReference; lastKnownFileType = sourcecode.swift; path = BenzViewController.swift; sourceTree = "<group>"; };
/* End PBXFileReference section */

/* Begin PBXFrameworksBuildPhase section */
		905CCDEA294ACF1F00A72740 /* Frameworks */ = {
			isa = PBXFrameworksBuildPhase;
			buildActionMask = 2147483647;
			files = (
			);
			runOnlyForDeploymentPostprocessing = 0;
		};
		905CCE00294ACF2100A72740 /* Frameworks */ = {
			isa = PBXFrameworksBuildPhase;
			buildActionMask = 2147483647;
			files = (
			);
			runOnlyForDeploymentPostprocessing = 0;
		};
		905CCE0A294ACF2100A72740 /* Frameworks */ = {
			isa = PBXFrameworksBuildPhase;
			buildActionMask = 2147483647;
			files = (
			);
			runOnlyForDeploymentPostprocessing = 0;
		};
/* End PBXFrameworksBuildPhase section */

/* Begin PBXGroup section */
		905CCDE4294ACF1F00A72740 = {
			isa = PBXGroup;
			children = (
				905CCDEF294ACF1F00A72740 /* RandomPhoto */,
				905CCE06294ACF2100A72740 /* RandomPhotoTests */,
				905CCE10294ACF2100A72740 /* RandomPhotoUITests */,
				905CCDEE294ACF1F00A72740 /* Products */,
			);
			sourceTree = "<group>";
		};
		905CCDEE294ACF1F00A72740 /* Products */ = {
			isa = PBXGroup;
			children = (
				905CCDED294ACF1F00A72740 /* RandomPhoto.app */,
				905CCE03294ACF2100A72740 /* RandomPhotoTests.xctest */,
				905CCE0D294ACF2100A72740 /* RandomPhotoUITests.xctest */,
			);
			name = Products;
			sourceTree = "<group>";
		};
		905CCDEF294ACF1F00A72740 /* RandomPhoto */ = {
			isa = PBXGroup;
			children = (
				905CCDF0294ACF1F00A72740 /* AppDelegate.swift */,
				905CCDF2294ACF1F00A72740 /* SceneDelegate.swift */,
				905CCDF4294ACF1F00A72740 /* ViewController.swift */,
				905CCDF6294ACF1F00A72740 /* Main.storyboard */,
				905CCDF9294ACF2100A72740 /* Assets.xcassets */,
				905CCDFB294ACF2100A72740 /* LaunchScreen.storyboard */,
				905CCDFE294ACF2100A72740 /* Info.plist */,
				907E84B1294FC2CE00BD1E76 /* BenzViewController.swift */,
			);
			path = RandomPhoto;
			sourceTree = "<group>";
		};
		905CCE06294ACF2100A72740 /* RandomPhotoTests */ = {
			isa = PBXGroup;
			children = (
				905CCE07294ACF2100A72740 /* RandomPhotoTests.swift */,
			);
			path = RandomPhotoTests;
			sourceTree = "<group>";
		};
		905CCE10294ACF2100A72740 /* RandomPhotoUITests */ = {
			isa = PBXGroup;
			children = (
				905CCE11294ACF2100A72740 /* RandomPhotoUITests.swift */,
				905CCE13294ACF2100A72740 /* RandomPhotoUITestsLaunchTests.swift */,
			);
			path = RandomPhotoUITests;
			sourceTree = "<group>";
		};
/* End PBXGroup section */

/* Begin PBXNativeTarget section */
		905CCDEC294ACF1F00A72740 /* RandomPhoto */ = {
			isa = PBXNativeTarget;
			buildConfigurationList = 905CCE17294ACF2100A72740 /* Build configuration list for PBXNativeTarget "RandomPhoto" */;
			buildPhases = (
				905CCDE9294ACF1F00A72740 /* Sources */,
				905CCDEA294ACF1F00A72740 /* Frameworks */,
				905CCDEB294ACF1F00A72740 /* Resources */,
			);
			buildRules = (
			);
			dependencies = (
			);
			name = RandomPhoto;
			productName = RandomPhoto;
			productReference = 905CCDED294ACF1F00A72740 /* RandomPhoto.app */;
			productType = "com.apple.product-type.application";
		};
		905CCE02294ACF2100A72740 /* RandomPhotoTests */ = {
			isa = PBXNativeTarget;
			buildConfigurationList = 905CCE1A294ACF2100A72740 /* Build configuration list for PBXNativeTarget "RandomPhotoTests" */;
			buildPhases = (
				905CCDFF294ACF2100A72740 /* Sources */,
				905CCE00294ACF2100A72740 /* Frameworks */,
				905CCE01294ACF2100A72740 /* Resources */,
			);
			buildRules = (
			);
			dependencies = (
				905CCE05294ACF2100A72740 /* PBXTargetDependency */,
			);
			name = RandomPhotoTests;
			productName = RandomPhotoTests;
			productReference = 905CCE03294ACF2100A72740 /* RandomPhotoTests.xctest */;
			productType = "com.apple.product-type.bundle.unit-test";
		};
		905CCE0C294ACF2100A72740 /* RandomPhotoUITests */ = {
			isa = PBXNativeTarget;
			buildConfigurationList = 905CCE1D294ACF2100A72740 /* Build configuration list for PBXNativeTarget "RandomPhotoUITests" */;
			buildPhases = (
				905CCE09294ACF2100A72740 /* Sources */,
				905CCE0A294ACF2100A72740 /* Frameworks */,
				905CCE0B294ACF2100A72740 /* Resources */,
			);
			buildRules = (
			);
			dependencies = (
				905CCE0F294ACF2100A72740 /* PBXTargetDependency */,
			);
			name = RandomPhotoUITests;
			productName = RandomPhotoUITests;
			productReference = 905CCE0D294ACF2100A72740 /* RandomPhotoUITests.xctest */;
			productType = "com.apple.product-type.bundle.ui-testing";
		};
/* End PBXNativeTarget section */

/* Begin PBXProject section */
		905CCDE5294ACF1F00A72740 /* Project object */ = {
			isa = PBXProject;
			attributes = {
				BuildIndependentTargetsInParallel = 1;
				LastSwiftUpdateCheck = 1400;
				LastUpgradeCheck = 1400;
				TargetAttributes = {
					905CCDEC294ACF1F00A72740 = {
						CreatedOnToolsVersion = 14.0.1;
					};
					905CCE02294ACF2100A72740 = {
						CreatedOnToolsVersion = 14.0.1;
						TestTargetID = 905CCDEC294ACF1F00A72740;
					};
					905CCE0C294ACF2100A72740 = {
						CreatedOnToolsVersion = 14.0.1;
						TestTargetID = 905CCDEC294ACF1F00A72740;
					};
				};
			};
			buildConfigurationList = 905CCDE8294ACF1F00A72740 /* Build configuration list for PBXProject "RandomPhoto" */;
			compatibilityVersion = "Xcode 14.0";
			developmentRegion = en;
			hasScannedForEncodings = 0;
			knownRegions = (
				en,
				Base,
			);
			mainGroup = 905CCDE4294ACF1F00A72740;
			productRefGroup = 905CCDEE294ACF1F00A72740 /* Products */;
			projectDirPath = "";
			projectRoot = "";
			targets = (
				905CCDEC294ACF1F00A72740 /* RandomPhoto */,
				905CCE02294ACF2100A72740 /* RandomPhotoTests */,
				905CCE0C294ACF2100A72740 /* RandomPhotoUITests */,
			);
		};
/* End PBXProject section */

/* Begin PBXResourcesBuildPhase section */
		905CCDEB294ACF1F00A72740 /* Resources */ = {
			isa = PBXResourcesBuildPhase;
			buildActionMask = 2147483647;
			files = (
				905CCDFD294ACF2100A72740 /* LaunchScreen.storyboard in Resources */,
				905CCDFA294ACF2100A72740 /* Assets.xcassets in Resources */,
				905CCDF8294ACF1F00A72740 /* Main.storyboard in Resources */,
			);
			runOnlyForDeploymentPostprocessing = 0;
		};
		905CCE01294ACF2100A72740 /* Resources */ = {
			isa = PBXResourcesBuildPhase;
			buildActionMask = 2147483647;
			files = (
			);
			runOnlyForDeploymentPostprocessing = 0;
		};
		905CCE0B294ACF2100A72740 /* Resources */ = {
			isa = PBXResourcesBuildPhase;
			buildActionMask = 2147483647;
			files = (
			);
			runOnlyForDeploymentPostprocessing = 0;
		};
/* End PBXResourcesBuildPhase section */

/* Begin PBXSourcesBuildPhase section */
		905CCDE9294ACF1F00A72740 /* Sources */ = {
			isa = PBXSourcesBuildPhase;
			buildActionMask = 2147483647;
			files = (
				905CCDF5294ACF1F00A72740 /* ViewController.swift in Sources */,
				907E84B2294FC2CE00BD1E76 /* BenzViewController.swift in Sources */,
				905CCDF1294ACF1F00A72740 /* AppDelegate.swift in Sources */,
				905CCDF3294ACF1F00A72740 /* SceneDelegate.swift in Sources */,
			);
			runOnlyForDeploymentPostprocessing = 0;
		};
		905CCDFF294ACF2100A72740 /* Sources */ = {
			isa = PBXSourcesBuildPhase;
			buildActionMask = 2147483647;
			files = (
				905CCE08294ACF2100A72740 /* RandomPhotoTests.swift in Sources */,
			);
			runOnlyForDeploymentPostprocessing = 0;
		};
		905CCE09294ACF2100A72740 /* Sources */ = {
			isa = PBXSourcesBuildPhase;
			buildActionMask = 2147483647;
			files = (
				905CCE14294ACF2100A72740 /* RandomPhotoUITestsLaunchTests.swift in Sources */,
				905CCE12294ACF2100A72740 /* RandomPhotoUITests.swift in Sources */,
			);
			runOnlyForDeploymentPostprocessing = 0;
		};
/* End PBXSourcesBuildPhase section */

/* Begin PBXTargetDependency section */
		905CCE05294ACF2100A72740 /* PBXTargetDependency */ = {
			isa = PBXTargetDependency;
			target = 905CCDEC294ACF1F00A72740 /* RandomPhoto */;
			targetProxy = 905CCE04294ACF2100A72740 /* PBXContainerItemProxy */;
		};
		905CCE0F294ACF2100A72740 /* PBXTargetDependency */ = {
			isa = PBXTargetDependency;
			target = 905CCDEC294ACF1F00A72740 /* RandomPhoto */;
			targetProxy = 905CCE0E294ACF2100A72740 /* PBXContainerItemProxy */;
		};
/* End PBXTargetDependency section */

/* Begin PBXVariantGroup section */
		905CCDF6294ACF1F00A72740 /* Main.storyboard */ = {
			isa = PBXVariantGroup;
			children = (
				905CCDF7294ACF1F00A72740 /* Base */,
			);
			name = Main.storyboard;
			sourceTree = "<group>";
		};
		905CCDFB294ACF2100A72740 /* LaunchScreen.storyboard */ = {
			isa = PBXVariantGroup;
			children = (
				905CCDFC294ACF2100A72740 /* Base */,
			);
			name = LaunchScreen.storyboard;
			sourceTree = "<group>";
		};
/* End PBXVariantGroup section */

/* Begin XCBuildConfiguration section */
		905CCE15294ACF2100A72740 /* Debug */ = {
			isa = XCBuildConfiguration;
			buildSettings = {
				ALWAYS_SEARCH_USER_PATHS = NO;
				CLANG_ANALYZER_NONNULL = YES;
				CLANG_ANALYZER_NUMBER_OBJECT_CONVERSION = YES_AGGRESSIVE;
				CLANG_CXX_LANGUAGE_STANDARD = "gnu++20";
				CLANG_ENABLE_MODULES = YES;
				CLANG_ENABLE_OBJC_ARC = YES;
				CLANG_ENABLE_OBJC_WEAK = YES;
				CLANG_WARN_BLOCK_CAPTURE_AUTORELEASING = YES;
				CLANG_WARN_BOOL_CONVERSION = YES;
				CLANG_WARN_COMMA = YES;
				CLANG_WARN_CONSTANT_CONVERSION = YES;
				CLANG_WARN_DEPRECATED_OBJC_IMPLEMENTATIONS = YES;
				CLANG_WARN_DIRECT_OBJC_ISA_USAGE = YES_ERROR;
				CLANG_WARN_DOCUMENTATION_COMMENTS = YES;
				CLANG_WARN_EMPTY_BODY = YES;
				CLANG_WARN_ENUM_CONVERSION = YES;
				CLANG_WARN_INFINITE_RECURSION = YES;
				CLANG_WARN_INT_CONVERSION = YES;
				CLANG_WARN_NON_LITERAL_NULL_CONVERSION = YES;
				CLANG_WARN_OBJC_IMPLICIT_RETAIN_SELF = YES;
				CLANG_WARN_OBJC_LITERAL_CONVERSION = YES;
				CLANG_WARN_OBJC_ROOT_CLASS = YES_ERROR;
				CLANG_WARN_QUOTED_INCLUDE_IN_FRAMEWORK_HEADER = YES;
				CLANG_WARN_RANGE_LOOP_ANALYSIS = YES;
				CLANG_WARN_STRICT_PROTOTYPES = YES;
				CLANG_WARN_SUSPICIOUS_MOVE = YES;
				CLANG_WARN_UNGUARDED_AVAILABILITY = YES_AGGRESSIVE;
				CLANG_WARN_UNREACHABLE_CODE = YES;
				CLANG_WARN__DUPLICATE_METHOD_MATCH = YES;
				COPY_PHASE_STRIP = NO;
				DEBUG_INFORMATION_FORMAT = dwarf;
				ENABLE_STRICT_OBJC_MSGSEND = YES;
				ENABLE_TESTABILITY = YES;
				GCC_C_LANGUAGE_STANDARD = gnu11;
				GCC_DYNAMIC_NO_PIC = NO;
				GCC_NO_COMMON_BLOCKS = YES;
				GCC_OPTIMIZATION_LEVEL = 0;
				GCC_PREPROCESSOR_DEFINITIONS = (
					"DEBUG=1",
					"$(inherited)",
				);
				GCC_WARN_64_TO_32_BIT_CONVERSION = YES;
				GCC_WARN_ABOUT_RETURN_TYPE = YES_ERROR;
				GCC_WARN_UNDECLARED_SELECTOR = YES;
				GCC_WARN_UNINITIALIZED_AUTOS = YES_AGGRESSIVE;
				GCC_WARN_UNUSED_FUNCTION = YES;
				GCC_WARN_UNUSED_VARIABLE = YES;
				IPHONEOS_DEPLOYMENT_TARGET = 16.0;
				MTL_ENABLE_DEBUG_INFO = INCLUDE_SOURCE;
				MTL_FAST_MATH = YES;
				ONLY_ACTIVE_ARCH = YES;
				SDKROOT = iphoneos;
				SWIFT_ACTIVE_COMPILATION_CONDITIONS = DEBUG;
				SWIFT_OPTIMIZATION_LEVEL = "-Onone";
			};
			name = Debug;
		};
		905CCE16294ACF2100A72740 /* Release */ = {
			isa = XCBuildConfiguration;
			buildSettings = {
				ALWAYS_SEARCH_USER_PATHS = NO;
				CLANG_ANALYZER_NONNULL = YES;
				CLANG_ANALYZER_NUMBER_OBJECT_CONVERSION = YES_AGGRESSIVE;
				CLANG_CXX_LANGUAGE_STANDARD = "gnu++20";
				CLANG_ENABLE_MODULES = YES;
				CLANG_ENABLE_OBJC_ARC = YES;
				CLANG_ENABLE_OBJC_WEAK = YES;
				CLANG_WARN_BLOCK_CAPTURE_AUTORELEASING = YES;
				CLANG_WARN_BOOL_CONVERSION = YES;
				CLANG_WARN_COMMA = YES;
				CLANG_WARN_CONSTANT_CONVERSION = YES;
				CLANG_WARN_DEPRECATED_OBJC_IMPLEMENTATIONS = YES;
				CLANG_WARN_DIRECT_OBJC_ISA_USAGE = YES_ERROR;
				CLANG_WARN_DOCUMENTATION_COMMENTS = YES;
				CLANG_WARN_EMPTY_BODY = YES;
				CLANG_WARN_ENUM_CONVERSION = YES;
				CLANG_WARN_INFINITE_RECURSION = YES;
				CLANG_WARN_INT_CONVERSION = YES;
				CLANG_WARN_NON_LITERAL_NULL_CONVERSION = YES;
				CLANG_WARN_OBJC_IMPLICIT_RETAIN_SELF = YES;
				CLANG_WARN_OBJC_LITERAL_CONVERSION = YES;
				CLANG_WARN_OBJC_ROOT_CLASS = YES_ERROR;
				CLANG_WARN_QUOTED_INCLUDE_IN_FRAMEWORK_HEADER = YES;
				CLANG_WARN_RANGE_LOOP_ANALYSIS = YES;
				CLANG_WARN_STRICT_PROTOTYPES = YES;
				CLANG_WARN_SUSPICIOUS_MOVE = YES;
				CLANG_WARN_UNGUARDED_AVAILABILITY = YES_AGGRESSIVE;
				CLANG_WARN_UNREACHABLE_CODE = YES;
				CLANG_WARN__DUPLICATE_METHOD_MATCH = YES;
				COPY_PHASE_STRIP = NO;
				DEBUG_INFORMATION_FORMAT = "dwarf-with-dsym";
				ENABLE_NS_ASSERTIONS = NO;
				ENABLE_STRICT_OBJC_MSGSEND = YES;
				GCC_C_LANGUAGE_STANDARD = gnu11;
				GCC_NO_COMMON_BLOCKS = YES;
				GCC_WARN_64_TO_32_BIT_CONVERSION = YES;
				GCC_WARN_ABOUT_RETURN_TYPE = YES_ERROR;
				GCC_WARN_UNDECLARED_SELECTOR = YES;
				GCC_WARN_UNINITIALIZED_AUTOS = YES_AGGRESSIVE;
				GCC_WARN_UNUSED_FUNCTION = YES;
				GCC_WARN_UNUSED_VARIABLE = YES;
				IPHONEOS_DEPLOYMENT_TARGET = 16.0;
				MTL_ENABLE_DEBUG_INFO = NO;
				MTL_FAST_MATH = YES;
				SDKROOT = iphoneos;
				SWIFT_COMPILATION_MODE = wholemodule;
				SWIFT_OPTIMIZATION_LEVEL = "-O";
				VALIDATE_PRODUCT = YES;
			};
			name = Release;
		};
		905CCE18294ACF2100A72740 /* Debug */ = {
			isa = XCBuildConfiguration;
			buildSettings = {
				ASSETCATALOG_COMPILER_APPICON_NAME = AppIcon;
				ASSETCATALOG_COMPILER_GLOBAL_ACCENT_COLOR_NAME = AccentColor;
				CODE_SIGN_STYLE = Automatic;
				CURRENT_PROJECT_VERSION = 1;
				GENERATE_INFOPLIST_FILE = YES;
				INFOPLIST_FILE = RandomPhoto/Info.plist;
				INFOPLIST_KEY_UIApplicationSupportsIndirectInputEvents = YES;
				INFOPLIST_KEY_UILaunchStoryboardName = LaunchScreen;
				INFOPLIST_KEY_UIMainStoryboardFile = Main;
				INFOPLIST_KEY_UISupportedInterfaceOrientations_iPad = "UIInterfaceOrientationPortrait UIInterfaceOrientationPortraitUpsideDown UIInterfaceOrientationLandscapeLeft UIInterfaceOrientationLandscapeRight";
				INFOPLIST_KEY_UISupportedInterfaceOrientations_iPhone = "UIInterfaceOrientationPortrait UIInterfaceOrientationLandscapeLeft UIInterfaceOrientationLandscapeRight";
				LD_RUNPATH_SEARCH_PATHS = (
					"$(inherited)",
					"@executable_path/Frameworks",
				);
				MARKETING_VERSION = 1.0;
				PRODUCT_BUNDLE_IDENTIFIER = Me.RandomPhoto;
				PRODUCT_NAME = "$(TARGET_NAME)";
				SWIFT_EMIT_LOC_STRINGS = YES;
				SWIFT_VERSION = 5.0;
				TARGETED_DEVICE_FAMILY = "1,2";
			};
			name = Debug;
		};
		905CCE19294ACF2100A72740 /* Release */ = {
			isa = XCBuildConfiguration;
			buildSettings = {
				ASSETCATALOG_COMPILER_APPICON_NAME = AppIcon;
				ASSETCATALOG_COMPILER_GLOBAL_ACCENT_COLOR_NAME = AccentColor;
				CODE_SIGN_STYLE = Automatic;
				CURRENT_PROJECT_VERSION = 1;
				GENERATE_INFOPLIST_FILE = YES;
				INFOPLIST_FILE = RandomPhoto/Info.plist;
				INFOPLIST_KEY_UIApplicationSupportsIndirectInputEvents = YES;
				INFOPLIST_KEY_UILaunchStoryboardName = LaunchScreen;
				INFOPLIST_KEY_UIMainStoryboardFile = Main;
				INFOPLIST_KEY_UISupportedInterfaceOrientations_iPad = "UIInterfaceOrientationPortrait UIInterfaceOrientationPortraitUpsideDown UIInterfaceOrientationLandscapeLeft UIInterfaceOrientationLandscapeRight";
				INFOPLIST_KEY_UISupportedInterfaceOrientations_iPhone = "UIInterfaceOrientationPortrait UIInterfaceOrientationLandscapeLeft UIInterfaceOrientationLandscapeRight";
				LD_RUNPATH_SEARCH_PATHS = (
					"$(inherited)",
					"@executable_path/Frameworks",
				);
				MARKETING_VERSION = 1.0;
				PRODUCT_BUNDLE_IDENTIFIER = Me.RandomPhoto;
				PRODUCT_NAME = "$(TARGET_NAME)";
				SWIFT_EMIT_LOC_STRINGS = YES;
				SWIFT_VERSION = 5.0;
				TARGETED_DEVICE_FAMILY = "1,2";
			};
			name = Release;
		};
		905CCE1B294ACF2100A72740 /* Debug */ = {
			isa = XCBuildConfiguration;
			buildSettings = {
				ALWAYS_EMBED_SWIFT_STANDARD_LIBRARIES = YES;
				BUNDLE_LOADER = "$(TEST_HOST)";
				CODE_SIGN_STYLE = Automatic;
				CURRENT_PROJECT_VERSION = 1;
				GENERATE_INFOPLIST_FILE = YES;
				IPHONEOS_DEPLOYMENT_TARGET = 16.0;
				MARKETING_VERSION = 1.0;
				PRODUCT_BUNDLE_IDENTIFIER = Me.RandomPhotoTests;
				PRODUCT_NAME = "$(TARGET_NAME)";
				SWIFT_EMIT_LOC_STRINGS = NO;
				SWIFT_VERSION = 5.0;
				TARGETED_DEVICE_FAMILY = "1,2";
				TEST_HOST = "$(BUILT_PRODUCTS_DIR)/RandomPhoto.app/$(BUNDLE_EXECUTABLE_FOLDER_PATH)/RandomPhoto";
			};
			name = Debug;
		};
		905CCE1C294ACF2100A72740 /* Release */ = {
			isa = XCBuildConfiguration;
			buildSettings = {
				ALWAYS_EMBED_SWIFT_STANDARD_LIBRARIES = YES;
				BUNDLE_LOADER = "$(TEST_HOST)";
				CODE_SIGN_STYLE = Automatic;
				CURRENT_PROJECT_VERSION = 1;
				GENERATE_INFOPLIST_FILE = YES;
				IPHONEOS_DEPLOYMENT_TARGET = 16.0;
				MARKETING_VERSION = 1.0;
				PRODUCT_BUNDLE_IDENTIFIER = Me.RandomPhotoTests;
				PRODUCT_NAME = "$(TARGET_NAME)";
				SWIFT_EMIT_LOC_STRINGS = NO;
				SWIFT_VERSION = 5.0;
				TARGETED_DEVICE_FAMILY = "1,2";
				TEST_HOST = "$(BUILT_PRODUCTS_DIR)/RandomPhoto.app/$(BUNDLE_EXECUTABLE_FOLDER_PATH)/RandomPhoto";
			};
			name = Release;
		};
		905CCE1E294ACF2100A72740 /* Debug */ = {
			isa = XCBuildConfiguration;
			buildSettings = {
				ALWAYS_EMBED_SWIFT_STANDARD_LIBRARIES = YES;
				CODE_SIGN_STYLE = Automatic;
				CURRENT_PROJECT_VERSION = 1;
				GENERATE_INFOPLIST_FILE = YES;
				MARKETING_VERSION = 1.0;
				PRODUCT_BUNDLE_IDENTIFIER = Me.RandomPhotoUITests;
				PRODUCT_NAME = "$(TARGET_NAME)";
				SWIFT_EMIT_LOC_STRINGS = NO;
				SWIFT_VERSION = 5.0;
				TARGETED_DEVICE_FAMILY = "1,2";
				TEST_TARGET_NAME = RandomPhoto;
			};
			name = Debug;
		};
		905CCE1F294ACF2100A72740 /* Release */ = {
			isa = XCBuildConfiguration;
			buildSettings = {
				ALWAYS_EMBED_SWIFT_STANDARD_LIBRARIES = YES;
				CODE_SIGN_STYLE = Automatic;
				CURRENT_PROJECT_VERSION = 1;
				GENERATE_INFOPLIST_FILE = YES;
				MARKETING_VERSION = 1.0;
				PRODUCT_BUNDLE_IDENTIFIER = Me.RandomPhotoUITests;
				PRODUCT_NAME = "$(TARGET_NAME)";
				SWIFT_EMIT_LOC_STRINGS = NO;
				SWIFT_VERSION = 5.0;
				TARGETED_DEVICE_FAMILY = "1,2";
				TEST_TARGET_NAME = RandomPhoto;
			};
			name = Release;
		};
/* End XCBuildConfiguration section */

/* Begin XCConfigurationList section */
		905CCDE8294ACF1F00A72740 /* Build configuration list for PBXProject "RandomPhoto" */ = {
			isa = XCConfigurationList;
			buildConfigurations = (
				905CCE15294ACF2100A72740 /* Debug */,
				905CCE16294ACF2100A72740 /* Release */,
			);
			defaultConfigurationIsVisible = 0;
			defaultConfigurationName = Release;
		};
		905CCE17294ACF2100A72740 /* Build configuration list for PBXNativeTarget "RandomPhoto" */ = {
			isa = XCConfigurationList;
			buildConfigurations = (
				905CCE18294ACF2100A72740 /* Debug */,
				905CCE19294ACF2100A72740 /* Release */,
			);
			defaultConfigurationIsVisible = 0;
			defaultConfigurationName = Release;
		};
		905CCE1A294ACF2100A72740 /* Build configuration list for PBXNativeTarget "RandomPhotoTests" */ = {
			isa = XCConfigurationList;
			buildConfigurations = (
				905CCE1B294ACF2100A72740 /* Debug */,
				905CCE1C294ACF2100A72740 /* Release */,
			);
			defaultConfigurationIsVisible = 0;
			defaultConfigurationName = Release;
		};
		905CCE1D294ACF2100A72740 /* Build configuration list for PBXNativeTarget "RandomPhotoUITests" */ = {
			isa = XCConfigurationList;
			buildConfigurations = (
				905CCE1E294ACF2100A72740 /* Debug */,
				905CCE1F294ACF2100A72740 /* Release */,
			);
			defaultConfigurationIsVisible = 0;
			defaultConfigurationName = Release;
		};
/* End XCConfigurationList section */
	};
	rootObject = 905CCDE5294ACF1F00A72740 /* Project object */;
}
